// !$*UTF8*$!
{
	archiveVersion = 1;
	classes = {
	};
	objectVersion = 50;
	objects = {

/* Begin PBXBuildFile section */
		91C3C93226E9F29600B97B50 /* Tests_iOS.swift in Sources */ = {isa = PBXBuildFile; fileRef = 91C3C93126E9F29600B97B50 /* Tests_iOS.swift */; };
		91C3C93D26E9F29600B97B50 /* Tests_macOS.swift in Sources */ = {isa = PBXBuildFile; fileRef = 91C3C93C26E9F29600B97B50 /* Tests_macOS.swift */; };
		91C3C93F26E9F29600B97B50 /* I_Am_Rich_SwiftUIApp.swift in Sources */ = {isa = PBXBuildFile; fileRef = 91C3C91626E9F29300B97B50 /* I_Am_Rich_SwiftUIApp.swift */; };
		91C3C94026E9F29600B97B50 /* I_Am_Rich_SwiftUIApp.swift in Sources */ = {isa = PBXBuildFile; fileRef = 91C3C91626E9F29300B97B50 /* I_Am_Rich_SwiftUIApp.swift */; };
		91C3C94126E9F29600B97B50 /* ContentView.swift in Sources */ = {isa = PBXBuildFile; fileRef = 91C3C91726E9F29300B97B50 /* ContentView.swift */; };
		91C3C94226E9F29600B97B50 /* ContentView.swift in Sources */ = {isa = PBXBuildFile; fileRef = 91C3C91726E9F29300B97B50 /* ContentView.swift */; };
		91C3C94326E9F29600B97B50 /* Assets.xcassets in Resources */ = {isa = PBXBuildFile; fileRef = 91C3C91826E9F29600B97B50 /* Assets.xcassets */; };
		91C3C94426E9F29600B97B50 /* Assets.xcassets in Resources */ = {isa = PBXBuildFile; fileRef = 91C3C91826E9F29600B97B50 /* Assets.xcassets */; };
/* End PBXBuildFile section */

/* Begin PBXContainerItemProxy section */
		91C3C92E26E9F29600B97B50 /* PBXContainerItemProxy */ = {
			isa = PBXContainerItemProxy;
			containerPortal = 91C3C91126E9F29300B97B50 /* Project object */;
			proxyType = 1;
			remoteGlobalIDString = 91C3C91C26E9F29600B97B50;
			remoteInfo = "I Am Rich SwiftUI (iOS)";
		};
		91C3C93926E9F29600B97B50 /* PBXContainerItemProxy */ = {
			isa = PBXContainerItemProxy;
			containerPortal = 91C3C91126E9F29300B97B50 /* Project object */;
			proxyType = 1;
			remoteGlobalIDString = 91C3C92426E9F29600B97B50;
			remoteInfo = "I Am Rich SwiftUI (macOS)";
		};
/* End PBXContainerItemProxy section */

/* Begin PBXFileReference section */
		91C3C91626E9F29300B97B50 /* I_Am_Rich_SwiftUIApp.swift */ = {isa = PBXFileReference; lastKnownFileType = sourcecode.swift; path = I_Am_Rich_SwiftUIApp.swift; sourceTree = "<group>"; };
		91C3C91726E9F29300B97B50 /* ContentView.swift */ = {isa = PBXFileReference; lastKnownFileType = sourcecode.swift; path = ContentView.swift; sourceTree = "<group>"; };
		91C3C91826E9F29600B97B50 /* Assets.xcassets */ = {isa = PBXFileReference; lastKnownFileType = folder.assetcatalog; path = Assets.xcassets; sourceTree = "<group>"; };
		91C3C91D26E9F29600B97B50 /* I Am Rich SwiftUI.app */ = {isa = PBXFileReference; explicitFileType = wrapper.application; includeInIndex = 0; path = "I Am Rich SwiftUI.app"; sourceTree = BUILT_PRODUCTS_DIR; };
		91C3C92026E9F29600B97B50 /* Info.plist */ = {isa = PBXFileReference; lastKnownFileType = text.plist.xml; path = Info.plist; sourceTree = "<group>"; };
		91C3C92526E9F29600B97B50 /* I Am Rich SwiftUI.app */ = {isa = PBXFileReference; explicitFileType = wrapper.application; includeInIndex = 0; path = "I Am Rich SwiftUI.app"; sourceTree = BUILT_PRODUCTS_DIR; };
		91C3C92726E9F29600B97B50 /* Info.plist */ = {isa = PBXFileReference; lastKnownFileType = text.plist.xml; path = Info.plist; sourceTree = "<group>"; };
		91C3C92826E9F29600B97B50 /* macOS.entitlements */ = {isa = PBXFileReference; lastKnownFileType = text.plist.entitlements; path = macOS.entitlements; sourceTree = "<group>"; };
		91C3C92D26E9F29600B97B50 /* Tests iOS.xctest */ = {isa = PBXFileReference; explicitFileType = wrapper.cfbundle; includeInIndex = 0; path = "Tests iOS.xctest"; sourceTree = BUILT_PRODUCTS_DIR; };
		91C3C93126E9F29600B97B50 /* Tests_iOS.swift */ = {isa = PBXFileReference; lastKnownFileType = sourcecode.swift; path = Tests_iOS.swift; sourceTree = "<group>"; };
		91C3C93326E9F29600B97B50 /* Info.plist */ = {isa = PBXFileReference; lastKnownFileType = text.plist.xml; path = Info.plist; sourceTree = "<group>"; };
		91C3C93826E9F29600B97B50 /* Tests macOS.xctest */ = {isa = PBXFileReference; explicitFileType = wrapper.cfbundle; includeInIndex = 0; path = "Tests macOS.xctest"; sourceTree = BUILT_PRODUCTS_DIR; };
		91C3C93C26E9F29600B97B50 /* Tests_macOS.swift */ = {isa = PBXFileReference; lastKnownFileType = sourcecode.swift; path = Tests_macOS.swift; sourceTree = "<group>"; };
		91C3C93E26E9F29600B97B50 /* Info.plist */ = {isa = PBXFileReference; lastKnownFileType = text.plist.xml; path = Info.plist; sourceTree = "<group>"; };
/* End PBXFileReference section */

/* Begin PBXFrameworksBuildPhase section */
		91C3C91A26E9F29600B97B50 /* Frameworks */ = {
			isa = PBXFrameworksBuildPhase;
			buildActionMask = 2147483647;
			files = (
			);
			runOnlyForDeploymentPostprocessing = 0;
		};
		91C3C92226E9F29600B97B50 /* Frameworks */ = {
			isa = PBXFrameworksBuildPhase;
			buildActionMask = 2147483647;
			files = (
			);
			runOnlyForDeploymentPostprocessing = 0;
		};
		91C3C92A26E9F29600B97B50 /* Frameworks */ = {
			isa = PBXFrameworksBuildPhase;
			buildActionMask = 2147483647;
			files = (
			);
			runOnlyForDeploymentPostprocessing = 0;
		};
		91C3C93526E9F29600B97B50 /* Frameworks */ = {
			isa = PBXFrameworksBuildPhase;
			buildActionMask = 2147483647;
			files = (
			);
			runOnlyForDeploymentPostprocessing = 0;
		};
/* End PBXFrameworksBuildPhase section */

/* Begin PBXGroup section */
		91C3C91026E9F29300B97B50 = {
			isa = PBXGroup;
			children = (
				91C3C91526E9F29300B97B50 /* Shared */,
				91C3C91F26E9F29600B97B50 /* iOS */,
				91C3C92626E9F29600B97B50 /* macOS */,
				91C3C93026E9F29600B97B50 /* Tests iOS */,
				91C3C93B26E9F29600B97B50 /* Tests macOS */,
				91C3C91E26E9F29600B97B50 /* Products */,
			);
			sourceTree = "<group>";
		};
		91C3C91526E9F29300B97B50 /* Shared */ = {
			isa = PBXGroup;
			children = (
				91C3C91626E9F29300B97B50 /* I_Am_Rich_SwiftUIApp.swift */,
				91C3C91726E9F29300B97B50 /* ContentView.swift */,
				91C3C91826E9F29600B97B50 /* Assets.xcassets */,
			);
			path = Shared;
			sourceTree = "<group>";
		};
		91C3C91E26E9F29600B97B50 /* Products */ = {
			isa = PBXGroup;
			children = (
				91C3C91D26E9F29600B97B50 /* I Am Rich SwiftUI.app */,
				91C3C92526E9F29600B97B50 /* I Am Rich SwiftUI.app */,
				91C3C92D26E9F29600B97B50 /* Tests iOS.xctest */,
				91C3C93826E9F29600B97B50 /* Tests macOS.xctest */,
			);
			name = Products;
			sourceTree = "<group>";
		};
		91C3C91F26E9F29600B97B50 /* iOS */ = {
			isa = PBXGroup;
			children = (
				91C3C92026E9F29600B97B50 /* Info.plist */,
			);
			path = iOS;
			sourceTree = "<group>";
		};
		91C3C92626E9F29600B97B50 /* macOS */ = {
			isa = PBXGroup;
			children = (
				91C3C92726E9F29600B97B50 /* Info.plist */,
				91C3C92826E9F29600B97B50 /* macOS.entitlements */,
			);
			path = macOS;
			sourceTree = "<group>";
		};
		91C3C93026E9F29600B97B50 /* Tests iOS */ = {
			isa = PBXGroup;
			children = (
				91C3C93126E9F29600B97B50 /* Tests_iOS.swift */,
				91C3C93326E9F29600B97B50 /* Info.plist */,
			);
			path = "Tests iOS";
			sourceTree = "<group>";
		};
		91C3C93B26E9F29600B97B50 /* Tests macOS */ = {
			isa = PBXGroup;
			children = (
				91C3C93C26E9F29600B97B50 /* Tests_macOS.swift */,
				91C3C93E26E9F29600B97B50 /* Info.plist */,
			);
			path = "Tests macOS";
			sourceTree = "<group>";
		};
/* End PBXGroup section */

/* Begin PBXNativeTarget section */
		91C3C91C26E9F29600B97B50 /* I Am Rich SwiftUI (iOS) */ = {
			isa = PBXNativeTarget;
			buildConfigurationList = 91C3C94726E9F29600B97B50 /* Build configuration list for PBXNativeTarget "I Am Rich SwiftUI (iOS)" */;
			buildPhases = (
				91C3C91926E9F29600B97B50 /* Sources */,
				91C3C91A26E9F29600B97B50 /* Frameworks */,
				91C3C91B26E9F29600B97B50 /* Resources */,
			);
			buildRules = (
			);
			dependencies = (
			);
			name = "I Am Rich SwiftUI (iOS)";
			productName = "I Am Rich SwiftUI (iOS)";
			productReference = 91C3C91D26E9F29600B97B50 /* I Am Rich SwiftUI.app */;
			productType = "com.apple.product-type.application";
		};
		91C3C92426E9F29600B97B50 /* I Am Rich SwiftUI (macOS) */ = {
			isa = PBXNativeTarget;
			buildConfigurationList = 91C3C94A26E9F29600B97B50 /* Build configuration list for PBXNativeTarget "I Am Rich SwiftUI (macOS)" */;
			buildPhases = (
				91C3C92126E9F29600B97B50 /* Sources */,
				91C3C92226E9F29600B97B50 /* Frameworks */,
				91C3C92326E9F29600B97B50 /* Resources */,
			);
			buildRules = (
			);
			dependencies = (
			);
			name = "I Am Rich SwiftUI (macOS)";
			productName = "I Am Rich SwiftUI (macOS)";
			productReference = 91C3C92526E9F29600B97B50 /* I Am Rich SwiftUI.app */;
			productType = "com.apple.product-type.application";
		};
		91C3C92C26E9F29600B97B50 /* Tests iOS */ = {
			isa = PBXNativeTarget;
			buildConfigurationList = 91C3C94D26E9F29600B97B50 /* Build configuration list for PBXNativeTarget "Tests iOS" */;
			buildPhases = (
				91C3C92926E9F29600B97B50 /* Sources */,
				91C3C92A26E9F29600B97B50 /* Frameworks */,
				91C3C92B26E9F29600B97B50 /* Resources */,
			);
			buildRules = (
			);
			dependencies = (
				91C3C92F26E9F29600B97B50 /* PBXTargetDependency */,
			);
			name = "Tests iOS";
			productName = "Tests iOS";
			productReference = 91C3C92D26E9F29600B97B50 /* Tests iOS.xctest */;
			productType = "com.apple.product-type.bundle.ui-testing";
		};
		91C3C93726E9F29600B97B50 /* Tests macOS */ = {
			isa = PBXNativeTarget;
			buildConfigurationList = 91C3C95026E9F29600B97B50 /* Build configuration list for PBXNativeTarget "Tests macOS" */;
			buildPhases = (
				91C3C93426E9F29600B97B50 /* Sources */,
				91C3C93526E9F29600B97B50 /* Frameworks */,
				91C3C93626E9F29600B97B50 /* Resources */,
			);
			buildRules = (
			);
			dependencies = (
				91C3C93A26E9F29600B97B50 /* PBXTargetDependency */,
			);
			name = "Tests macOS";
			productName = "Tests macOS";
			productReference = 91C3C93826E9F29600B97B50 /* Tests macOS.xctest */;
			productType = "com.apple.product-type.bundle.ui-testing";
		};
/* End PBXNativeTarget section */

/* Begin PBXProject section */
		91C3C91126E9F29300B97B50 /* Project object */ = {
			isa = PBXProject;
			attributes = {
				LastSwiftUpdateCheck = 1250;
				LastUpgradeCheck = 1250;
				TargetAttributes = {
					91C3C91C26E9F29600B97B50 = {
						CreatedOnToolsVersion = 12.5.1;
					};
					91C3C92426E9F29600B97B50 = {
						CreatedOnToolsVersion = 12.5.1;
					};
					91C3C92C26E9F29600B97B50 = {
						CreatedOnToolsVersion = 12.5.1;
						TestTargetID = 91C3C91C26E9F29600B97B50;
					};
					91C3C93726E9F29600B97B50 = {
						CreatedOnToolsVersion = 12.5.1;
						TestTargetID = 91C3C92426E9F29600B97B50;
					};
				};
			};
			buildConfigurationList = 91C3C91426E9F29300B97B50 /* Build configuration list for PBXProject "I Am Rich SwiftUI" */;
			compatibilityVersion = "Xcode 9.3";
			developmentRegion = en;
			hasScannedForEncodings = 0;
			knownRegions = (
				en,
				Base,
			);
			mainGroup = 91C3C91026E9F29300B97B50;
			productRefGroup = 91C3C91E26E9F29600B97B50 /* Products */;
			projectDirPath = "";
			projectRoot = "";
			targets = (
				91C3C91C26E9F29600B97B50 /* I Am Rich SwiftUI (iOS) */,
				91C3C92426E9F29600B97B50 /* I Am Rich SwiftUI (macOS) */,
				91C3C92C26E9F29600B97B50 /* Tests iOS */,
				91C3C93726E9F29600B97B50 /* Tests macOS */,
			);
		};
/* End PBXProject section */

/* Begin PBXResourcesBuildPhase section */
		91C3C91B26E9F29600B97B50 /* Resources */ = {
			isa = PBXResourcesBuildPhase;
			buildActionMask = 2147483647;
			files = (
				91C3C94326E9F29600B97B50 /* Assets.xcassets in Resources */,
			);
			runOnlyForDeploymentPostprocessing = 0;
		};
		91C3C92326E9F29600B97B50 /* Resources */ = {
			isa = PBXResourcesBuildPhase;
			buildActionMask = 2147483647;
			files = (
				91C3C94426E9F29600B97B50 /* Assets.xcassets in Resources */,
			);
			runOnlyForDeploymentPostprocessing = 0;
		};
		91C3C92B26E9F29600B97B50 /* Resources */ = {
			isa = PBXResourcesBuildPhase;
			buildActionMask = 2147483647;
			files = (
			);
			runOnlyForDeploymentPostprocessing = 0;
		};
		91C3C93626E9F29600B97B50 /* Resources */ = {
			isa = PBXResourcesBuildPhase;
			buildActionMask = 2147483647;
			files = (
			);
			runOnlyForDeploymentPostprocessing = 0;
		};
/* End PBXResourcesBuildPhase section */

/* Begin PBXSourcesBuildPhase section */
		91C3C91926E9F29600B97B50 /* Sources */ = {
			isa = PBXSourcesBuildPhase;
			buildActionMask = 2147483647;
			files = (
				91C3C94126E9F29600B97B50 /* ContentView.swift in Sources */,
				91C3C93F26E9F29600B97B50 /* I_Am_Rich_SwiftUIApp.swift in Sources */,
			);
			runOnlyForDeploymentPostprocessing = 0;
		};
		91C3C92126E9F29600B97B50 /* Sources */ = {
			isa = PBXSourcesBuildPhase;
			buildActionMask = 2147483647;
			files = (
				91C3C94226E9F29600B97B50 /* ContentView.swift in Sources */,
				91C3C94026E9F29600B97B50 /* I_Am_Rich_SwiftUIApp.swift in Sources */,
			);
			runOnlyForDeploymentPostprocessing = 0;
		};
		91C3C92926E9F29600B97B50 /* Sources */ = {
			isa = PBXSourcesBuildPhase;
			buildActionMask = 2147483647;
			files = (
				91C3C93226E9F29600B97B50 /* Tests_iOS.swift in Sources */,
			);
			runOnlyForDeploymentPostprocessing = 0;
		};
		91C3C93426E9F29600B97B50 /* Sources */ = {
			isa = PBXSourcesBuildPhase;
			buildActionMask = 2147483647;
			files = (
				91C3C93D26E9F29600B97B50 /* Tests_macOS.swift in Sources */,
			);
			runOnlyForDeploymentPostprocessing = 0;
		};
/* End PBXSourcesBuildPhase section */

/* Begin PBXTargetDependency section */
		91C3C92F26E9F29600B97B50 /* PBXTargetDependency */ = {
			isa = PBXTargetDependency;
			target = 91C3C91C26E9F29600B97B50 /* I Am Rich SwiftUI (iOS) */;
			targetProxy = 91C3C92E26E9F29600B97B50 /* PBXContainerItemProxy */;
		};
		91C3C93A26E9F29600B97B50 /* PBXTargetDependency */ = {
			isa = PBXTargetDependency;
			target = 91C3C92426E9F29600B97B50 /* I Am Rich SwiftUI (macOS) */;
			targetProxy = 91C3C93926E9F29600B97B50 /* PBXContainerItemProxy */;
		};
/* End PBXTargetDependency section */

/* Begin XCBuildConfiguration section */
		91C3C94526E9F29600B97B50 /* Debug */ = {
			isa = XCBuildConfiguration;
			buildSettings = {
				ALWAYS_SEARCH_USER_PATHS = NO;
				CLANG_ANALYZER_NONNULL = YES;
				CLANG_ANALYZER_NUMBER_OBJECT_CONVERSION = YES_AGGRESSIVE;
				CLANG_CXX_LANGUAGE_STANDARD = "gnu++14";
				CLANG_CXX_LIBRARY = "libc++";
				CLANG_ENABLE_MODULES = YES;
				CLANG_ENABLE_OBJC_ARC = YES;
				CLANG_ENABLE_OBJC_WEAK = YES;
				CLANG_WARN_BLOCK_CAPTURE_AUTORELEASING = YES;
				CLANG_WARN_BOOL_CONVERSION = YES;
				CLANG_WARN_COMMA = YES;
				CLANG_WARN_CONSTANT_CONVERSION = YES;
				CLANG_WARN_DEPRECATED_OBJC_IMPLEMENTATIONS = YES;
				CLANG_WARN_DIRECT_OBJC_ISA_USAGE = YES_ERROR;
				CLANG_WARN_DOCUMENTATION_COMMENTS = YES;
				CLANG_WARN_EMPTY_BODY = YES;
				CLANG_WARN_ENUM_CONVERSION = YES;
				CLANG_WARN_INFINITE_RECURSION = YES;
				CLANG_WARN_INT_CONVERSION = YES;
				CLANG_WARN_NON_LITERAL_NULL_CONVERSION = YES;
				CLANG_WARN_OBJC_IMPLICIT_RETAIN_SELF = YES;
				CLANG_WARN_OBJC_LITERAL_CONVERSION = YES;
				CLANG_WARN_OBJC_ROOT_CLASS = YES_ERROR;
				CLANG_WARN_QUOTED_INCLUDE_IN_FRAMEWORK_HEADER = YES;
				CLANG_WARN_RANGE_LOOP_ANALYSIS = YES;
				CLANG_WARN_STRICT_PROTOTYPES = YES;
				CLANG_WARN_SUSPICIOUS_MOVE = YES;
				CLANG_WARN_UNGUARDED_AVAILABILITY = YES_AGGRESSIVE;
				CLANG_WARN_UNREACHABLE_CODE = YES;
				CLANG_WARN__DUPLICATE_METHOD_MATCH = YES;
				COPY_PHASE_STRIP = NO;
				DEBUG_INFORMATION_FORMAT = dwarf;
				ENABLE_STRICT_OBJC_MSGSEND = YES;
				ENABLE_TESTABILITY = YES;
				GCC_C_LANGUAGE_STANDARD = gnu11;
				GCC_DYNAMIC_NO_PIC = NO;
				GCC_NO_COMMON_BLOCKS = YES;
				GCC_OPTIMIZATION_LEVEL = 0;
				GCC_PREPROCESSOR_DEFINITIONS = (
					"DEBUG=1",
					"$(inherited)",
				);
				GCC_WARN_64_TO_32_BIT_CONVERSION = YES;
				GCC_WARN_ABOUT_RETURN_TYPE = YES_ERROR;
				GCC_WARN_UNDECLARED_SELECTOR = YES;
				GCC_WARN_UNINITIALIZED_AUTOS = YES_AGGRESSIVE;
				GCC_WARN_UNUSED_FUNCTION = YES;
				GCC_WARN_UNUSED_VARIABLE = YES;
				MTL_ENABLE_DEBUG_INFO = INCLUDE_SOURCE;
				MTL_FAST_MATH = YES;
				ONLY_ACTIVE_ARCH = YES;
				SWIFT_ACTIVE_COMPILATION_CONDITIONS = DEBUG;
				SWIFT_OPTIMIZATION_LEVEL = "-Onone";
			};
			name = Debug;
		};
		91C3C94626E9F29600B97B50 /* Release */ = {
			isa = XCBuildConfiguration;
			buildSettings = {
				ALWAYS_SEARCH_USER_PATHS = NO;
				CLANG_ANALYZER_NONNULL = YES;
				CLANG_ANALYZER_NUMBER_OBJECT_CONVERSION = YES_AGGRESSIVE;
				CLANG_CXX_LANGUAGE_STANDARD = "gnu++14";
				CLANG_CXX_LIBRARY = "libc++";
				CLANG_ENABLE_MODULES = YES;
				CLANG_ENABLE_OBJC_ARC = YES;
				CLANG_ENABLE_OBJC_WEAK = YES;
				CLANG_WARN_BLOCK_CAPTURE_AUTORELEASING = YES;
				CLANG_WARN_BOOL_CONVERSION = YES;
				CLANG_WARN_COMMA = YES;
				CLANG_WARN_CONSTANT_CONVERSION = YES;
				CLANG_WARN_DEPRECATED_OBJC_IMPLEMENTATIONS = YES;
				CLANG_WARN_DIRECT_OBJC_ISA_USAGE = YES_ERROR;
				CLANG_WARN_DOCUMENTATION_COMMENTS = YES;
				CLANG_WARN_EMPTY_BODY = YES;
				CLANG_WARN_ENUM_CONVERSION = YES;
				CLANG_WARN_INFINITE_RECURSION = YES;
				CLANG_WARN_INT_CONVERSION = YES;
				CLANG_WARN_NON_LITERAL_NULL_CONVERSION = YES;
				CLANG_WARN_OBJC_IMPLICIT_RETAIN_SELF = YES;
				CLANG_WARN_OBJC_LITERAL_CONVERSION = YES;
				CLANG_WARN_OBJC_ROOT_CLASS = YES_ERROR;
				CLANG_WARN_QUOTED_INCLUDE_IN_FRAMEWORK_HEADER = YES;
				CLANG_WARN_RANGE_LOOP_ANALYSIS = YES;
				CLANG_WARN_STRICT_PROTOTYPES = YES;
				CLANG_WARN_SUSPICIOUS_MOVE = YES;
				CLANG_WARN_UNGUARDED_AVAILABILITY = YES_AGGRESSIVE;
				CLANG_WARN_UNREACHABLE_CODE = YES;
				CLANG_WARN__DUPLICATE_METHOD_MATCH = YES;
				COPY_PHASE_STRIP = NO;
				DEBUG_INFORMATION_FORMAT = "dwarf-with-dsym";
				ENABLE_NS_ASSERTIONS = NO;
				ENABLE_STRICT_OBJC_MSGSEND = YES;
				GCC_C_LANGUAGE_STANDARD = gnu11;
				GCC_NO_COMMON_BLOCKS = YES;
				GCC_WARN_64_TO_32_BIT_CONVERSION = YES;
				GCC_WARN_ABOUT_RETURN_TYPE = YES_ERROR;
				GCC_WARN_UNDECLARED_SELECTOR = YES;
				GCC_WARN_UNINITIALIZED_AUTOS = YES_AGGRESSIVE;
				GCC_WARN_UNUSED_FUNCTION = YES;
				GCC_WARN_UNUSED_VARIABLE = YES;
				MTL_ENABLE_DEBUG_INFO = NO;
				MTL_FAST_MATH = YES;
				SWIFT_COMPILATION_MODE = wholemodule;
				SWIFT_OPTIMIZATION_LEVEL = "-O";
			};
			name = Release;
		};
		91C3C94826E9F29600B97B50 /* Debug */ = {
			isa = XCBuildConfiguration;
			buildSettings = {
				ASSETCATALOG_COMPILER_APPICON_NAME = AppIcon;
				ASSETCATALOG_COMPILER_GLOBAL_ACCENT_COLOR_NAME = AccentColor;
				CODE_SIGN_STYLE = Automatic;
				ENABLE_PREVIEWS = YES;
				INFOPLIST_FILE = iOS/Info.plist;
				IPHONEOS_DEPLOYMENT_TARGET = 14.0;
				LD_RUNPATH_SEARCH_PATHS = (
					"$(inherited)",
					"@executable_path/Frameworks",
				);
				PRODUCT_BUNDLE_IDENTIFIER = "dev.deb-95.I-Am-Rich-SwiftUI";
				PRODUCT_NAME = "I Am Rich SwiftUI";
				SDKROOT = iphoneos;
				SWIFT_VERSION = 5.0;
				TARGETED_DEVICE_FAMILY = "1,2";
			};
			name = Debug;
		};
		91C3C94926E9F29600B97B50 /* Release */ = {
			isa = XCBuildConfiguration;
			buildSettings = {
				ASSETCATALOG_COMPILER_APPICON_NAME = AppIcon;
				ASSETCATALOG_COMPILER_GLOBAL_ACCENT_COLOR_NAME = AccentColor;
				CODE_SIGN_STYLE = Automatic;
				ENABLE_PREVIEWS = YES;
				INFOPLIST_FILE = iOS/Info.plist;
				IPHONEOS_DEPLOYMENT_TARGET = 14.0;
				LD_RUNPATH_SEARCH_PATHS = (
					"$(inherited)",
					"@executable_path/Frameworks",
				);
				PRODUCT_BUNDLE_IDENTIFIER = "dev.deb-95.I-Am-Rich-SwiftUI";
				PRODUCT_NAME = "I Am Rich SwiftUI";
				SDKROOT = iphoneos;
				SWIFT_VERSION = 5.0;
				TARGETED_DEVICE_FAMILY = "1,2";
				VALIDATE_PRODUCT = YES;
			};
			name = Release;
		};
		91C3C94B26E9F29600B97B50 /* Debug */ = {
			isa = XCBuildConfiguration;
			buildSettings = {
				ASSETCATALOG_COMPILER_APPICON_NAME = AppIcon;
				ASSETCATALOG_COMPILER_GLOBAL_ACCENT_COLOR_NAME = AccentColor;
				CODE_SIGN_ENTITLEMENTS = macOS/macOS.entitlements;
				CODE_SIGN_STYLE = Automatic;
				COMBINE_HIDPI_IMAGES = YES;
				ENABLE_PREVIEWS = YES;
				INFOPLIST_FILE = macOS/Info.plist;
				LD_RUNPATH_SEARCH_PATHS = (
					"$(inherited)",
					"@executable_path/../Frameworks",
				);
				MACOSX_DEPLOYMENT_TARGET = 11.0;
				PRODUCT_BUNDLE_IDENTIFIER = "dev.deb-95.I-Am-Rich-SwiftUI";
				PRODUCT_NAME = "I Am Rich SwiftUI";
				SDKROOT = macosx;
				SWIFT_VERSION = 5.0;
			};
			name = Debug;
		};
		91C3C94C26E9F29600B97B50 /* Release */ = {
			isa = XCBuildConfiguration;
			buildSettings = {
				ASSETCATALOG_COMPILER_APPICON_NAME = AppIcon;
				ASSETCATALOG_COMPILER_GLOBAL_ACCENT_COLOR_NAME = AccentColor;
				CODE_SIGN_ENTITLEMENTS = macOS/macOS.entitlements;
				CODE_SIGN_STYLE = Automatic;
				COMBINE_HIDPI_IMAGES = YES;
				ENABLE_PREVIEWS = YES;
				INFOPLIST_FILE = macOS/Info.plist;
				LD_RUNPATH_SEARCH_PATHS = (
					"$(inherited)",
					"@executable_path/../Frameworks",
				);
				MACOSX_DEPLOYMENT_TARGET = 11.0;
				PRODUCT_BUNDLE_IDENTIFIER = "dev.deb-95.I-Am-Rich-SwiftUI";
				PRODUCT_NAME = "I Am Rich SwiftUI";
				SDKROOT = macosx;
				SWIFT_VERSION = 5.0;
			};
			name = Release;
		};
		91C3C94E26E9F29600B97B50 /* Debug */ = {
			isa = XCBuildConfiguration;
			buildSettings = {
				ALWAYS_EMBED_SWIFT_STANDARD_LIBRARIES = YES;
				CODE_SIGN_STYLE = Automatic;
				INFOPLIST_FILE = "Tests iOS/Info.plist";
				IPHONEOS_DEPLOYMENT_TARGET = 14.5;
				LD_RUNPATH_SEARCH_PATHS = (
					"$(inherited)",
					"@executable_path/Frameworks",
					"@loader_path/Frameworks",
				);
				PRODUCT_BUNDLE_IDENTIFIER = "dev.deb-95.Tests-iOS";
				PRODUCT_NAME = "$(TARGET_NAME)";
				SDKROOT = iphoneos;
				SWIFT_VERSION = 5.0;
				TARGETED_DEVICE_FAMILY = "1,2";
				TEST_TARGET_NAME = "I Am Rich SwiftUI (iOS)";
			};
			name = Debug;
		};
		91C3C94F26E9F29600B97B50 /* Release */ = {
			isa = XCBuildConfiguration;
			buildSettings = {
				ALWAYS_EMBED_SWIFT_STANDARD_LIBRARIES = YES;
				CODE_SIGN_STYLE = Automatic;
				INFOPLIST_FILE = "Tests iOS/Info.plist";
				IPHONEOS_DEPLOYMENT_TARGET = 14.5;
				LD_RUNPATH_SEARCH_PATHS = (
					"$(inherited)",
					"@executable_path/Frameworks",
					"@loader_path/Frameworks",
				);
				PRODUCT_BUNDLE_IDENTIFIER = "dev.deb-95.Tests-iOS";
				PRODUCT_NAME = "$(TARGET_NAME)";
				SDKROOT = iphoneos;
				SWIFT_VERSION = 5.0;
				TARGETED_DEVICE_FAMILY = "1,2";
				TEST_TARGET_NAME = "I Am Rich SwiftUI (iOS)";
				VALIDATE_PRODUCT = YES;
			};
			name = Release;
		};
		91C3C95126E9F29600B97B50 /* Debug */ = {
			isa = XCBuildConfiguration;
			buildSettings = {
				ALWAYS_EMBED_SWIFT_STANDARD_LIBRARIES = YES;
				CODE_SIGN_STYLE = Automatic;
				COMBINE_HIDPI_IMAGES = YES;
				INFOPLIST_FILE = "Tests macOS/Info.plist";
				LD_RUNPATH_SEARCH_PATHS = (
					"$(inherited)",
					"@executable_path/../Frameworks",
					"@loader_path/../Frameworks",
				);
				MACOSX_DEPLOYMENT_TARGET = 11.3;
				PRODUCT_BUNDLE_IDENTIFIER = "dev.deb-95.Tests-macOS";
				PRODUCT_NAME = "$(TARGET_NAME)";
				SDKROOT = macosx;
				SWIFT_VERSION = 5.0;
				TEST_TARGET_NAME = "I Am Rich SwiftUI (macOS)";
			};
			name = Debug;
		};
		91C3C95226E9F29600B97B50 /* Release */ = {
			isa = XCBuildConfiguration;
			buildSettings = {
				ALWAYS_EMBED_SWIFT_STANDARD_LIBRARIES = YES;
				CODE_SIGN_STYLE = Automatic;
				COMBINE_HIDPI_IMAGES = YES;
				INFOPLIST_FILE = "Tests macOS/Info.plist";
				LD_RUNPATH_SEARCH_PATHS = (
					"$(inherited)",
					"@executable_path/../Frameworks",
					"@loader_path/../Frameworks",
				);
				MACOSX_DEPLOYMENT_TARGET = 11.3;
				PRODUCT_BUNDLE_IDENTIFIER = "dev.deb-95.Tests-macOS";
				PRODUCT_NAME = "$(TARGET_NAME)";
				SDKROOT = macosx;
				SWIFT_VERSION = 5.0;
				TEST_TARGET_NAME = "I Am Rich SwiftUI (macOS)";
			};
			name = Release;
		};
/* End XCBuildConfiguration section */

/* Begin XCConfigurationList section */
		91C3C91426E9F29300B97B50 /* Build configuration list for PBXProject "I Am Rich SwiftUI" */ = {
			isa = XCConfigurationList;
			buildConfigurations = (
				91C3C94526E9F29600B97B50 /* Debug */,
				91C3C94626E9F29600B97B50 /* Release */,
			);
			defaultConfigurationIsVisible = 0;
			defaultConfigurationName = Release;
		};
		91C3C94726E9F29600B97B50 /* Build configuration list for PBXNativeTarget "I Am Rich SwiftUI (iOS)" */ = {
			isa = XCConfigurationList;
			buildConfigurations = (
				91C3C94826E9F29600B97B50 /* Debug */,
				91C3C94926E9F29600B97B50 /* Release */,
			);
			defaultConfigurationIsVisible = 0;
			defaultConfigurationName = Release;
		};
		91C3C94A26E9F29600B97B50 /* Build configuration list for PBXNativeTarget "I Am Rich SwiftUI (macOS)" */ = {
			isa = XCConfigurationList;
			buildConfigurations = (
				91C3C94B26E9F29600B97B50 /* Debug */,
				91C3C94C26E9F29600B97B50 /* Release */,
			);
			defaultConfigurationIsVisible = 0;
			defaultConfigurationName = Release;
		};
		91C3C94D26E9F29600B97B50 /* Build configuration list for PBXNativeTarget "Tests iOS" */ = {
			isa = XCConfigurationList;
			buildConfigurations = (
				91C3C94E26E9F29600B97B50 /* Debug */,
				91C3C94F26E9F29600B97B50 /* Release */,
			);
			defaultConfigurationIsVisible = 0;
			defaultConfigurationName = Release;
		};
		91C3C95026E9F29600B97B50 /* Build configuration list for PBXNativeTarget "Tests macOS" */ = {
			isa = XCConfigurationList;
			buildConfigurations = (
				91C3C95126E9F29600B97B50 /* Debug */,
				91C3C95226E9F29600B97B50 /* Release */,
			);
			defaultConfigurationIsVisible = 0;
			defaultConfigurationName = Release;
		};
/* End XCConfigurationList section */
	};
	rootObject = 91C3C91126E9F29300B97B50 /* Project object */;
}
